github.com/eSkiSo/seriesPlanner/db v0.0.0-20220724181609-8bd30f81f32b h1:2IhdUderJ3zUR9+K6K8BkZDtl58umAptYnQKgkLYddo=
github.com/eSkiSo/seriesPlanner/db v0.0.0-20220724181609-8bd30f81f32b/go.mod h1:hM/trEGb+M8SW3SreHJx4wJD1UjlEjz1/Ca7HUg7O+8=
github.com/eSkiSo/seriesPlanner/moviedb v0.0.0-20220724181609-8bd30f81f32b h1:lHnUmOQcJAgq+lk8Mur0SZgnypwwkjCJ2tHgvq1EmQ0=
github.com/eSkiSo/seriesPlanner/moviedb v0.0.0-20220724181609-8bd30f81f32b/go.mod h1:5ZIazToBdFLq6sGQpq0+c1xZDSYzzeEHRneyK3Ejpj4=
github.com/eSkiSo/seriesPlanner/notion v0.0.0-20220724181609-8bd30f81f32b h1:sJOPaCyOoG0870YnN0Hedy5v31oRGM0fpehaUB0co2s=
github.com/eSkiSo/seriesPlanner/notion v0.0.0-20220724181609-8bd30f81f32b/go.mod h1:vbDjM2VVA6fDEJXa6yzEpSH7+vpY55TR4XDWe20poTo=
github.com/jinzhu/inflection v1.0.0 h1:K317FqzuhWc8YvSVlFMCCUb36O/S9MCKRDI7QkRKD/E=
github.com/jinzhu/inflection v1.0.0/go.mod h1:h+uFLlag+Qp1Va5pdKtLDYj+kHp5pxUVkryuEj+Srlc=
github.com/jinzhu/now v1.1.4/go.mod h1:d3SSVoowX0Lcu0IBviAWJpolVfI5UJVZZ7cO71lE/z8=
github.com/jinzhu/now v1.1.5 h1:/o9tlHleP7gOFmsnYNz3RGnqzefHA47wQpKrrdTIwXQ=
github.com/jinzhu/now v1.1.5/go.mod h1:d3SSVoowX0Lcu0IBviAWJpolVfI5UJVZZ7cO71lE/z8=
github.com/mattn/go-sqlite3 v1.14.12/go.mod h1:NyWgC/yNuGj7Q9rpYnZvas74GogHl5/Z4A/KQRfk6bU=
github.com/mattn/go-sqlite3 v1.14.14 h1:qZgc/Rwetq+MtyE18WhzjokPD93dNqLGNT3QJuLvBGw=
github.com/mattn/go-sqlite3 v1.14.14/go.mod h1:NyWgC/yNuGj7Q9rpYnZvas74GogHl5/Z4A/KQRfk6bU=
gorm.io/driver/sqlite v1.3.6 h1:Fi8xNYCUplOqWiPa3/GuCeowRNBRGTf62DEmhMDHeQQ=
gorm.io/driver/sqlite v1.3.6/go.mod h1:Sg1/pvnKtbQ7jLXxfZa+jSHvoX8hoZA8cn4xllOMTgE=
gorm.io/gorm v1.23.4/go.mod h1:l2lP/RyAtc1ynaTjFksBde/O8v9oOGIApu2/xRitmZk=
gorm.io/gorm v1.23.8 h1:h8sGJ+biDgBA1AD1Ha9gFCx7h8npU7AsLdlkX0n2TpE=
gorm.io/gorm v1.23.8/go.mod h1:l2lP/RyAtc1ynaTjFksBde/O8v9oOGIApu2/xRitmZk=
